<?xml version="1.0" encoding="utf-8"?>
<Project ToolsVersion="4.0" xmlns="http://schemas.microsoft.com/developer/msbuild/2003">
  <ItemGroup>
    <ClCompile Include="Dependencies\imgui\imgui.cpp" />
    <ClCompile Include="Dependencies\imgui\imgui_demo.cpp" />
    <ClCompile Include="Dependencies\imgui\imgui_draw.cpp" />
    <ClCompile Include="Dependencies\imgui\imgui_impl_glfw_gl3.cpp" />
    <ClCompile Include="Dependencies\PennerEasing\Back.cpp" />
    <ClCompile Include="Dependencies\PennerEasing\Bounce.cpp" />
    <ClCompile Include="Dependencies\PennerEasing\Circ.cpp" />
    <ClCompile Include="Dependencies\PennerEasing\Cubic.cpp" />
    <ClCompile Include="Dependencies\PennerEasing\Elastic.cpp" />
    <ClCompile Include="Dependencies\PennerEasing\Expo.cpp" />
    <ClCompile Include="Dependencies\PennerEasing\Linear.cpp" />
    <ClCompile Include="Dependencies\PennerEasing\Quad.cpp" />
    <ClCompile Include="Dependencies\PennerEasing\Quart.cpp" />
    <ClCompile Include="Dependencies\PennerEasing\Quint.cpp" />
    <ClCompile Include="Dependencies\PennerEasing\Sine.cpp" />
    <ClCompile Include="Engine\Components\AiComponent.cpp" />
    <ClCompile Include="Engine\Components\Colliders\MeshCollider.cpp" />
    <ClCompile Include="Engine\Components\CameraComponent.cpp" />
    <ClCompile Include="Engine\Components\Colliders\BoxCollider.cpp" />
    <ClCompile Include="Engine\Components\Colliders\Collider.cpp" />
    <ClCompile Include="Engine\Components\Colliders\SphereCollider.cpp" />
    <ClCompile Include="Engine\Components\Component.cpp" />
    <ClCompile Include="Engine\Components\DirectionLightComponent.cpp" />
    <ClCompile Include="Engine\Components\Colliders\ConvexMeshCollider.cpp" />
    <ClCompile Include="Engine\Components\GuiComponents\GuiComponent.cpp" />
    <ClCompile Include="Engine\Components\GuiEffects\GuiEffect.cpp" />
    <ClCompile Include="Engine\Components\LineComponent.cpp" />
    <ClCompile Include="Engine\Components\ParticleComponent.cpp" />
    <ClCompile Include="Engine\Systems\Effects.cpp" />
    <ClCompile Include="Engine\Components\MeshComponent.cpp" />
    <ClCompile Include="Engine\Components\PointLightComponent.cpp" />
    <ClCompile Include="Engine\Components\PowerUpComponents\DamagePowerUp.cpp" />
    <ClCompile Include="Engine\Components\PowerUpComponents\DefencePowerUp.cpp" />
    <ClCompile Include="Engine\Components\PowerUpComponents\PowerUp.cpp" />
    <ClCompile Include="Engine\Components\PowerUpComponents\SpeedPowerUp.cpp" />
    <ClCompile Include="Engine\Components\RigidbodyComponents\RigidbodyComponent.cpp" />
    <ClCompile Include="Engine\Components\RigidbodyComponents\RigidDynamicComponent.cpp" />
    <ClCompile Include="Engine\Components\RigidbodyComponents\RigidStaticComponent.cpp" />
    <ClCompile Include="Engine\Components\RigidbodyComponents\VehicleComponent.cpp" />
    <ClCompile Include="Engine\Components\SpotLightComponent.cpp" />
    <ClCompile Include="Engine\Components\WeaponComponents\MachineGunComponent.cpp" />
    <ClCompile Include="Engine\Components\WeaponComponents\MissileComponent.cpp" />
    <ClCompile Include="Engine\Components\WeaponComponents\RailGunComponent.cpp" />
    <ClCompile Include="Engine\Components\WeaponComponents\RocketLauncherComponent.cpp" />
    <ClCompile Include="Engine\Components\WeaponComponents\WeaponComponent.cpp" />
    <ClCompile Include="Engine\Entities\Entity.cpp" />
    <ClCompile Include="Engine\Entities\EntityManager.cpp" />
    <ClCompile Include="Engine\Entities\Transform.cpp" />
    <ClCompile Include="Engine\Systems\Audio.cpp" />
    <ClCompile Include="Engine\Systems\Content\ContentManager.cpp" />
    <ClCompile Include="Engine\Systems\Content\Material.cpp" />
    <ClCompile Include="Engine\Systems\Content\Mesh.cpp" />
    <ClCompile Include="Engine\Systems\Content\NavigationMesh.cpp" />
    <ClCompile Include="Engine\Systems\Content\ShaderProgram.cpp" />
    <ClCompile Include="Engine\Systems\Game.cpp" />
    <ClCompile Include="Engine\Systems\Graphics.cpp" />
    <ClCompile Include="Engine\Components\GuiComponents\GuiHelper.cpp" />
    <ClCompile Include="Engine\Systems\InputManager.cpp" />
    <ClCompile Include="Engine\Systems\IO\Keyboard.cpp" />
    <ClCompile Include="Engine\Systems\IO\Mouse.cpp" />
    <ClCompile Include="Engine\Systems\IO\XboxController.cpp" />
    <ClCompile Include="Engine\Systems\Pathfinder.cpp" />
    <ClCompile Include="Engine\Systems\Physics.cpp" />
    <ClCompile Include="Engine\Systems\Physics\CollisionCallback.cpp" />
    <ClCompile Include="Engine\Systems\Physics\CollisionGroups.cpp" />
    <ClCompile Include="Engine\Systems\Physics\RaycastGroups.cpp" />
    <ClCompile Include="Engine\Systems\Physics\VehicleCreate.cpp" />
    <ClCompile Include="Engine\Systems\Physics\VehicleSceneQuery.cpp" />
    <ClCompile Include="Engine\Systems\Physics\VehicleTireFriction.cpp" />
    <ClCompile Include="Engine\Systems\StateManager.cpp" />
    <ClCompile Include="Engine\Systems\Time.cpp" />
    <ClCompile Include="HelloWorld.cpp" />
    <ClCompile Include="Engine\Components\GuiEffects\OpacityEffect.cpp" />
    <ClCompile Include="Engine\Components\RigidbodyComponents\PowerUpSpawnerComponent.cpp" />
  </ItemGroup>
  <ItemGroup>
    <ClInclude Include="Dependencies\imgui\imconfig.h" />
    <ClInclude Include="Dependencies\imgui\imgui.h" />
    <ClInclude Include="Dependencies\imgui\imgui_impl_glfw_gl3.h" />
    <ClInclude Include="Dependencies\imgui\imgui_internal.h" />
    <ClInclude Include="Dependencies\imgui\stb_rect_pack.h" />
    <ClInclude Include="Dependencies\imgui\stb_textedit.h" />
    <ClInclude Include="Dependencies\imgui\stb_truetype.h" />
    <ClInclude Include="Dependencies\PennerEasing\Back.h" />
    <ClInclude Include="Dependencies\PennerEasing\Bounce.h" />
    <ClInclude Include="Dependencies\PennerEasing\Circ.h" />
    <ClInclude Include="Dependencies\PennerEasing\Cubic.h" />
    <ClInclude Include="Dependencies\PennerEasing\Elastic.h" />
    <ClInclude Include="Dependencies\PennerEasing\Expo.h" />
    <ClInclude Include="Dependencies\PennerEasing\Linear.h" />
    <ClInclude Include="Dependencies\PennerEasing\Quad.h" />
    <ClInclude Include="Dependencies\PennerEasing\Quart.h" />
    <ClInclude Include="Dependencies\PennerEasing\Quint.h" />
    <ClInclude Include="Dependencies\PennerEasing\Sine.h" />
    <ClInclude Include="Engine\Components\AiComponent.h" />
    <ClInclude Include="Engine\Components\Colliders\MeshCollider.h" />
    <ClInclude Include="Engine\Components\CameraComponent.h" />
    <ClInclude Include="Engine\Components\Colliders\BoxCollider.h" />
    <ClInclude Include="Engine\Components\Colliders\Collider.h" />
    <ClInclude Include="Engine\Components\Colliders\SphereCollider.h" />
    <ClInclude Include="Engine\Components\Component.h" />
    <ClInclude Include="Engine\Components\DirectionLightComponent.h" />
    <ClInclude Include="Engine\Components\Colliders\ConvexMeshCollider.h" />
    <ClInclude Include="Engine\Components\GuiComponents\GuiComponent.h" />
    <ClInclude Include="Engine\Components\GuiEffects\GuiEffect.h" />
    <ClInclude Include="Engine\Components\LineComponent.h" />
    <ClInclude Include="Engine\Components\ParticleComponent.h" />
    <ClInclude Include="Engine\Components\Tweens\TTween.h" />
    <ClInclude Include="Engine\Components\Tweens\Tween.h" />
    <ClInclude Include="Engine\Systems\Effects.h" />
    <ClInclude Include="Engine\Components\MeshComponent.h" />
    <ClInclude Include="Engine\Components\PointLightComponent.h" />
    <ClInclude Include="Engine\Components\PowerUpComponents\DamagePowerUp.h" />
    <ClInclude Include="Engine\Components\PowerUpComponents\DefencePowerUp.h" />
    <ClInclude Include="Engine\Components\PowerUpComponents\PowerUp.h" />
    <ClInclude Include="Engine\Components\PowerUpComponents\SpeedPowerUp.h" />
    <ClInclude Include="Engine\Components\RigidbodyComponents\RigidbodyComponent.h" />
    <ClInclude Include="Engine\Components\RigidbodyComponents\RigidDynamicComponent.h" />
    <ClInclude Include="Engine\Components\RigidbodyComponents\RigidStaticComponent.h" />
    <ClInclude Include="Engine\Components\RigidbodyComponents\VehicleComponent.h" />
    <ClInclude Include="Engine\Components\SpotLightComponent.h" />
    <ClInclude Include="Engine\Components\WeaponComponents\MachineGunComponent.h" />
    <ClInclude Include="Engine\Components\WeaponComponents\MissileComponent.h" />
    <ClInclude Include="Engine\Components\WeaponComponents\RailGunComponent.h" />
    <ClInclude Include="Engine\Components\WeaponComponents\RocketLauncherComponent.h" />
    <ClInclude Include="Engine\Components\WeaponComponents\WeaponComponent.h" />
    <ClInclude Include="Engine\Entities\Entity.h" />
    <ClInclude Include="Engine\Entities\EntityManager.h" />
    <ClInclude Include="Engine\Entities\Transform.h" />
    <ClInclude Include="Engine\Events\Event.h" />
    <ClInclude Include="Engine\Systems\Audio.h" />
    <ClInclude Include="Engine\Systems\Content\ContentManager.h" />
    <ClInclude Include="Engine\Systems\Content\DirectionLight.h" />
    <ClInclude Include="Engine\Systems\Content\Material.h" />
    <ClInclude Include="Engine\Systems\Content\Mesh.h" />
    <ClInclude Include="Engine\Systems\Content\NavigationMesh.h" />
    <ClInclude Include="Engine\Systems\Content\PointLight.h" />
    <ClInclude Include="Engine\Systems\Content\ShaderProgram.h" />
    <ClInclude Include="Engine\Systems\Content\SpotLight.h" />
    <ClInclude Include="Engine\Systems\Content\Texture.h" />
    <ClInclude Include="Engine\Systems\Game.h" />
    <ClInclude Include="Engine\Systems\Graphics.h" />
    <ClInclude Include="Engine\Components\GuiComponents\GuiHelper.h" />
    <ClInclude Include="Engine\Systems\InputManager.h" />
    <ClInclude Include="Engine\Systems\IO\Keyboard.h" />
    <ClInclude Include="Engine\Systems\IO\Mouse.h" />
    <ClInclude Include="Engine\Systems\IO\XboxController.h" />
    <ClInclude Include="Engine\Systems\Pathfinder.h" />
    <ClInclude Include="Engine\Systems\Physics.h" />
    <ClInclude Include="Engine\Systems\Physics\CollisionCallback.h" />
    <ClInclude Include="Engine\Systems\Physics\CollisionGroups.h" />
    <ClInclude Include="Engine\Systems\Physics\RaycastGroups.h" />
    <ClInclude Include="Engine\Systems\Physics\VehicleConcurrency.h" />
    <ClInclude Include="Engine\Systems\Physics\VehicleCreate.h" />
    <ClInclude Include="Engine\Systems\Physics\VehicleSceneQuery.h" />
    <ClInclude Include="Engine\Systems\Physics\VehicleTireFriction.h" />
    <ClInclude Include="Engine\Systems\Physics\VehicleWheelQueryResult.h" />
    <ClInclude Include="Engine\Systems\StateManager.h" />
    <ClInclude Include="Engine\Systems\System.h" />
    <ClInclude Include="Engine\Systems\Time.h" />
    <ClInclude Include="Engine\Components\GuiEffects\OpacityEffect.h" />
    <ClInclude Include="Engine\Components\RigidbodyComponents\PowerUpSpawnerComponent.h" />
  </ItemGroup>
  <ItemGroup>
    <Media Include="Content\Sounds\powerup.mp3" />
  </ItemGroup>
  <ItemGroup>
    <Image Include="Content\Textures\HUD\speed-vingette.png" />
    <Image Include="Content\Textures\HUD\health-vignette.png" />
    <Image Include="Content\Textures\HUD\shield-vignette.png" />
    <Image Include="Content\Textures\HUD\shield-vignette-blue.png" />
  </ItemGroup>
  <ItemGroup>
    <None Include="Content\Materials\CyanShiny.json" />
    <None Include="Content\Materials\PinkShiny.json" />
    <None Include="Content\Materials\YellowShiny.json" />
    <None Include="Content\Prefabs\Components\DamagePowerUp.json" />
    <None Include="Content\Prefabs\Components\DefencePowerUp.json" />
    <None Include="Content\Prefabs\Components\SpeedPowerUp.json" />
    <None Include="Content\Prefabs\Entities\DamagePowerUp.json" />
    <None Include="Content\Prefabs\Entities\DefencePowerUp.json" />
    <None Include="Content\Prefabs\Entities\SpeedPowerUp.json" />
    <None Include="Content\CollisionGroups\Vehicles.json" />
    <None Include="Content\Materials\Basic.json" />
    <None Include="Content\Materials\BlueShiny.json" />
    <None Include="Content\Materials\LightSource.json" />
    <None Include="Content\Materials\PhysicsBoundingBox.json" />
    <None Include="Content\Materials\PhysicsCollider.json" />
    <None Include="Content\Materials\RedShiny.json" />
    <None Include="Content\PhysicsMaterials\Default.json" />
    <None Include="Content\Prefabs\Components\Ai.json" />
    <None Include="Content\Prefabs\Components\Camera.json" />
    <None Include="Content\Prefabs\Components\GUIs\MainMenuButton.json" />
    <None Include="Content\Prefabs\Components\GUIs\MenuButton.json" />
    <None Include="Content\Prefabs\Components\GUIs\StarjediFont.json" />
    <None Include="Content\Prefabs\Components\Missile.json" />
    <None Include="Content\Prefabs\Components\Weapons\MachineGun.json" />
    <None Include="Content\Prefabs\Components\Weapons\RailGun.json" />
    <None Include="Content\Prefabs\Components\Weapons\RocketLauncher.json" />
    <None Include="Content\Prefabs\Entities\Boulder.json" />
    <None Include="Content\Prefabs\Entities\Bullet.json" />
    <None Include="Content\Prefabs\Entities\Explosion.json" />
    <None Include="Content\Prefabs\Entities\ExplosionEffect.json" />
    <None Include="Content\Prefabs\Entities\Game\Camera.json" />
    <None Include="Content\Prefabs\Entities\Menu\Camera.json" />
    <None Include="Content\Prefabs\Entities\Menu\CharacterMenuStat.json" />
    <None Include="Content\Prefabs\Entities\Menu\KillFeedRow.json" />
    <None Include="Content\Prefabs\Entities\Menu\LeaderboardMenu.json" />
    <None Include="Content\Prefabs\Entities\Menu\LeaderboardRow.json" />
    <None Include="Content\Prefabs\Entities\Menu\MenuOption.json" />
    <None Include="Content\Prefabs\Entities\Menu\PauseMenu.json" />
    <None Include="Content\Prefabs\Entities\Menu\Pillar.json" />
    <None Include="Content\Prefabs\Entities\Vehicles\Flatbed.json" />
    <None Include="Content\Prefabs\Entities\HeadLamp.json" />
    <None Include="Content\Prefabs\Entities\Vehicles\Hearse.json" />
    <None Include="Content\Prefabs\Entities\Jump.json" />
    <None Include="Content\Prefabs\Entities\Marker.json" />
    <None Include="Content\Prefabs\Entities\Menu\CharacterSelect.json" />
    <None Include="Content\Prefabs\Entities\Missile.json" />
    <None Include="Content\Prefabs\Entities\Vehicles\Sewage.json" />
    <None Include="Content\Prefabs\Entities\Sun.json" />
    <None Include="Content\Prefabs\Entities\Waypoint.json" />
    <None Include="Content\Prefabs\Entities\Weapons\GunTurret.json" />
    <None Include="Content\Prefabs\Entities\Weapons\MachineGunTurret.json" />
    <None Include="Content\Prefabs\Entities\Weapons\RailGunTurret.json" />
    <None Include="Content\Prefabs\Entities\Weapons\RocketLauncherTurret.json" />
    <None Include="Content\Scenes\CharacterSelectMenu.json" />
    <None Include="Content\Scenes\GUIs\GameEnd_GUI.json" />
    <None Include="Content\Scenes\Maps\CircleMap.json" />
    <None Include="Content\Scenes\GameDemo.json" />
    <None Include="Content\Scenes\GUIs\HUD.json" />
    <None Include="Content\Scenes\GUIs\MainMenu_GUI.json" />
    <None Include="Content\Scenes\GUIs\CharacterSelectMenu_GUI.json" />
    <None Include="Content\Scenes\GUIs\OptionsMenu_GUI.json" />
    <None Include="Content\Scenes\GUIs\StartMenu_GUI.json" />
    <None Include="Content\Scenes\MainMenu.json" />
    <None Include="Content\Scenes\Menu.json" />
    <None Include="Content\Scenes\PhysicsDemo.json" />
    <None Include="Content\Shaders\blur.frag" />
    <None Include="Content\Shaders\geometry.frag" />
    <None Include="Content\Shaders\geometry.vert" />
    <None Include="Content\Shaders\gui.frag" />
    <None Include="Content\Shaders\navMesh.frag" />
    <None Include="Content\Shaders\navMesh.geom" />
    <None Include="Content\Shaders\navMesh.vert" />
    <None Include="Content\Shaders\path.frag" />
    <None Include="Content\Shaders\path.vert" />
    <None Include="Content\Shaders\screen.frag" />
    <None Include="Content\Shaders\screen.vert" />
    <None Include="Content\Shaders\shadowMap.frag" />
    <None Include="Content\Shaders\shadowMap.vert" />
    <None Include="Content\Shaders\skybox.frag" />
    <None Include="Content\Shaders\skybox.vert" />
<<<<<<< HEAD
    <None Include="Content\Prefabs\Entities\Game\PowerUpSpawner.json" />
=======
>>>>>>> ba99bde493602749676fae1d12297ae3199b6809
  </ItemGroup>
</Project>